{
  "requires": true,
  "lockfileVersion": 1,
  "dependencies": {
    "@kolkov/ngx-gallery": {
      "version": "1.0.0",
      "resolved": "https://registry.npmjs.org/@kolkov/ngx-gallery/-/ngx-gallery-1.0.0.tgz",
      "integrity": "sha512-FMTRGnU3NkI9dSNxdG29E3z40nvava/acwWj/F4rjGjD9Fuh4Zh/ZIiiV+Mb9zzdCSD9TE+LUeQZe8igQUA9UA==",
      "requires": {
        "tslib": "^1.9.0"
      }
    },
    "tslib": {
      "version": "1.11.1",
      "resolved": "https://registry.npmjs.org/tslib/-/tslib-1.11.1.tgz",
      "integrity": "sha512-aZW88SY8kQbU7gpV19lN24LtXh/yD4ZZg6qieAJDDg+YBsJcSmLGK9QpnUjAKVG/xefmvJGd1WUmfpT/g6AJGA=="
    }
  }
}
